# THIS IS AN AUTOGENERATED FILE. DO NOT EDIT THIS FILE DIRECTLY.
# yarn lockfile v1


waterpump@^1.0.1:
  version "1.0.1"
  resolved "https://registry.yarnpkg.com/waterpump/-/waterpump-1.0.1.tgz#10caf92f5db97e738f0665988edfaaa25cd0000b"
  integrity sha512-2ohPnRdKz+2crLPSPnnyslzIBNLiLnSqwArS0cnnKyO6LRWPKyH6cjsjQ1gAWDaS8+zM168x/ptd+1H8y+QhqA==
